
Microsoft Visual Studio Solution File, Format Version 12.00
# Visual Studio Version 17
VisualStudioVersion = 17.4.33213.308
MinimumVisualStudioVersion = 10.0.40219.1
Project("{FAE04EC0-301F-11D3-BF4B-00C04F79EFBC}") = "D01_EF6_DF", "D01_EF6_DF\D01_EF6_DF.csproj", "{0920D61D-D6F2-4492-AFD5-C1D6074C56A8}"
EndProject
Project("{FAE04EC0-301F-11D3-BF4B-00C04F79EFBC}") = "D00_Utility", "..\D00_Utility\D00_Utility.csproj", "{77A205AA-0807-4641-9A28-B40BA21894EC}"
EndProject
Project("{FAE04EC0-301F-11D3-BF4B-00C04F79EFBC}") = "D02_EF6_CF_V1", "D02_EF6_CF_V1\D02_EF6_CF_V1.csproj", "{6492F48A-7248-4232-BEC6-A02B8E4F037D}"
EndProject
Project("{FAE04EC0-301F-11D3-BF4B-00C04F79EFBC}") = "E01_EF6_CF", "E01_EF6_CF\E01_EF6_CF.csproj", "{C31F98F2-B0C0-4BC0-8A80-6184661DD627}"
EndProject
Project("{FAE04EC0-301F-11D3-BF4B-00C04F79EFBC}") = "E01_EF6_CF_BooksDB_Client", "E01_EF6_CF_BooksDB_Client\E01_EF6_CF_BooksDB_Client.csproj", "{4AF36DBA-12E4-4E03-8CD1-B740DFA97175}"
EndProject
Project("{FAE04EC0-301F-11D3-BF4B-00C04F79EFBC}") = "E01_EF6_CF_BooksDB_DAL", "E01_EF6_CF_BooksDB_DAL\E01_EF6_CF_BooksDB_DAL.csproj", "{C68B8F11-E75B-4365-9F44-0E76E1A21762}"
EndProject
Global
	GlobalSection(SolutionConfigurationPlatforms) = preSolution
		Debug|Any CPU = Debug|Any CPU
		Release|Any CPU = Release|Any CPU
	EndGlobalSection
	GlobalSection(ProjectConfigurationPlatforms) = postSolution
		{0920D61D-D6F2-4492-AFD5-C1D6074C56A8}.Debug|Any CPU.ActiveCfg = Debug|Any CPU
		{0920D61D-D6F2-4492-AFD5-C1D6074C56A8}.Debug|Any CPU.Build.0 = Debug|Any CPU
		{0920D61D-D6F2-4492-AFD5-C1D6074C56A8}.Release|Any CPU.ActiveCfg = Release|Any CPU
		{0920D61D-D6F2-4492-AFD5-C1D6074C56A8}.Release|Any CPU.Build.0 = Release|Any CPU
		{77A205AA-0807-4641-9A28-B40BA21894EC}.Debug|Any CPU.ActiveCfg = Debug|Any CPU
		{77A205AA-0807-4641-9A28-B40BA21894EC}.Debug|Any CPU.Build.0 = Debug|Any CPU
		{77A205AA-0807-4641-9A28-B40BA21894EC}.Release|Any CPU.ActiveCfg = Release|Any CPU
		{77A205AA-0807-4641-9A28-B40BA21894EC}.Release|Any CPU.Build.0 = Release|Any CPU
		{6492F48A-7248-4232-BEC6-A02B8E4F037D}.Debug|Any CPU.ActiveCfg = Debug|Any CPU
		{6492F48A-7248-4232-BEC6-A02B8E4F037D}.Debug|Any CPU.Build.0 = Debug|Any CPU
		{6492F48A-7248-4232-BEC6-A02B8E4F037D}.Release|Any CPU.ActiveCfg = Release|Any CPU
		{6492F48A-7248-4232-BEC6-A02B8E4F037D}.Release|Any CPU.Build.0 = Release|Any CPU
		{C31F98F2-B0C0-4BC0-8A80-6184661DD627}.Debug|Any CPU.ActiveCfg = Debug|Any CPU
		{C31F98F2-B0C0-4BC0-8A80-6184661DD627}.Debug|Any CPU.Build.0 = Debug|Any CPU
		{C31F98F2-B0C0-4BC0-8A80-6184661DD627}.Release|Any CPU.ActiveCfg = Release|Any CPU
		{C31F98F2-B0C0-4BC0-8A80-6184661DD627}.Release|Any CPU.Build.0 = Release|Any CPU
		{4AF36DBA-12E4-4E03-8CD1-B740DFA97175}.Debug|Any CPU.ActiveCfg = Debug|Any CPU
		{4AF36DBA-12E4-4E03-8CD1-B740DFA97175}.Debug|Any CPU.Build.0 = Debug|Any CPU
		{4AF36DBA-12E4-4E03-8CD1-B740DFA97175}.Release|Any CPU.ActiveCfg = Release|Any CPU
		{4AF36DBA-12E4-4E03-8CD1-B740DFA97175}.Release|Any CPU.Build.0 = Release|Any CPU
		{C68B8F11-E75B-4365-9F44-0E76E1A21762}.Debug|Any CPU.ActiveCfg = Debug|Any CPU
		{C68B8F11-E75B-4365-9F44-0E76E1A21762}.Debug|Any CPU.Build.0 = Debug|Any CPU
		{C68B8F11-E75B-4365-9F44-0E76E1A21762}.Release|Any CPU.ActiveCfg = Release|Any CPU
		{C68B8F11-E75B-4365-9F44-0E76E1A21762}.Release|Any CPU.Build.0 = Release|Any CPU
	EndGlobalSection
	GlobalSection(SolutionProperties) = preSolution
		HideSolutionNode = FALSE
	EndGlobalSection
	GlobalSection(ExtensibilityGlobals) = postSolution
		SolutionGuid = {A91B4538-39B6-432E-A3B5-71FBE116150B}
	EndGlobalSection
EndGlobal
